
Microsoft Visual Studio Solution File, Format Version 12.00
# Visual Studio Version 17
VisualStudioVersion = 17.13.35806.99 d17.13
MinimumVisualStudioVersion = 10.0.40219.1
Project("{FAE04EC0-301F-11D3-BF4B-00C04F79EFBC}") = "Natillera_Parcial", "Natillera_Parcial.csproj", "{B020C6E7-8F58-4BDB-B516-C3AD4F6959BA}"
EndProject
Global
	GlobalSection(SolutionConfigurationPlatforms) = preSolution
		Debug|Any CPU = Debug|Any CPU
		Release|Any CPU = Release|Any CPU
	EndGlobalSection
	GlobalSection(ProjectConfigurationPlatforms) = postSolution
		{B020C6E7-8F58-4BDB-B516-C3AD4F6959BA}.Debug|Any CPU.ActiveCfg = Debug|Any CPU
		{B020C6E7-8F58-4BDB-B516-C3AD4F6959BA}.Debug|Any CPU.Build.0 = Debug|Any CPU
		{B020C6E7-8F58-4BDB-B516-C3AD4F6959BA}.Release|Any CPU.ActiveCfg = Release|Any CPU
		{B020C6E7-8F58-4BDB-B516-C3AD4F6959BA}.Release|Any CPU.Build.0 = Release|Any CPU
	EndGlobalSection
	GlobalSection(SolutionProperties) = preSolution
		HideSolutionNode = FALSE
	EndGlobalSection
	GlobalSection(ExtensibilityGlobals) = postSolution
		SolutionGuid = {416B09E3-1415-4729-B13F-6B1B28C30D52}
	EndGlobalSection
EndGlobal
